// !$*UTF8*$!
{
	archiveVersion = 1;
	classes = {
	};
	objectVersion = 46;
	objects = {

/* Begin PBXBuildFile section */
		F841F7111F2FC90700002DBC /* AppDelegate.swift in Sources */ = {isa = PBXBuildFile; fileRef = F841F7101F2FC90700002DBC /* AppDelegate.swift */; };
		F841F7131F2FC90700002DBC /* ViewController.swift in Sources */ = {isa = PBXBuildFile; fileRef = F841F7121F2FC90700002DBC /* ViewController.swift */; };
		F841F7161F2FC90700002DBC /* Main.storyboard in Resources */ = {isa = PBXBuildFile; fileRef = F841F7141F2FC90700002DBC /* Main.storyboard */; };
		F841F7181F2FC90700002DBC /* Assets.xcassets in Resources */ = {isa = PBXBuildFile; fileRef = F841F7171F2FC90700002DBC /* Assets.xcassets */; };
		F841F71B1F2FC90700002DBC /* LaunchScreen.storyboard in Resources */ = {isa = PBXBuildFile; fileRef = F841F7191F2FC90700002DBC /* LaunchScreen.storyboard */; };
		F841F7261F2FC90800002DBC /* HelloworldTests.swift in Sources */ = {isa = PBXBuildFile; fileRef = F841F7251F2FC90800002DBC /* HelloworldTests.swift */; };
/* End PBXBuildFile section */

/* Begin PBXContainerItemProxy section */
		F841F7221F2FC90800002DBC /* PBXContainerItemProxy */ = {
			isa = PBXContainerItemProxy;
			containerPortal = F841F7051F2FC90700002DBC /* Project object */;
			proxyType = 1;
			remoteGlobalIDString = F841F70C1F2FC90700002DBC;
			remoteInfo = Helloworld;
		};
/* End PBXContainerItemProxy section */

/* Begin PBXFileReference section */
		F841F70D1F2FC90700002DBC /* Helloworld.app */ = {isa = PBXFileReference; explicitFileType = wrapper.application; includeInIndex = 0; path = Helloworld.app; sourceTree = BUILT_PRODUCTS_DIR; };
		F841F7101F2FC90700002DBC /* AppDelegate.swift */ = {isa = PBXFileReference; lastKnownFileType = sourcecode.swift; path = AppDelegate.swift; sourceTree = "<group>"; };
		F841F7121F2FC90700002DBC /* ViewController.swift */ = {isa = PBXFileReference; lastKnownFileType = sourcecode.swift; path = ViewController.swift; sourceTree = "<group>"; };
		F841F7151F2FC90700002DBC /* Base */ = {isa = PBXFileReference; lastKnownFileType = file.storyboard; name = Base; path = Base.lproj/Main.storyboard; sourceTree = "<group>"; };
		F841F7171F2FC90700002DBC /* Assets.xcassets */ = {isa = PBXFileReference; lastKnownFileType = folder.assetcatalog; path = Assets.xcassets; sourceTree = "<group>"; };
		F841F71A1F2FC90700002DBC /* Base */ = {isa = PBXFileReference; lastKnownFileType = file.storyboard; name = Base; path = Base.lproj/LaunchScreen.storyboard; sourceTree = "<group>"; };
		F841F71C1F2FC90700002DBC /* Info.plist */ = {isa = PBXFileReference; lastKnownFileType = text.plist.xml; path = Info.plist; sourceTree = "<group>"; };
		F841F7211F2FC90800002DBC /* HelloworldTests.xctest */ = {isa = PBXFileReference; explicitFileType = wrapper.cfbundle; includeInIndex = 0; path = HelloworldTests.xctest; sourceTree = BUILT_PRODUCTS_DIR; };
		F841F7251F2FC90800002DBC /* HelloworldTests.swift */ = {isa = PBXFileReference; lastKnownFileType = sourcecode.swift; path = HelloworldTests.swift; sourceTree = "<group>"; };
		F841F7271F2FC90800002DBC /* Info.plist */ = {isa = PBXFileReference; lastKnownFileType = text.plist.xml; path = Info.plist; sourceTree = "<group>"; };
/* End PBXFileReference section */

/* Begin PBXFrameworksBuildPhase section */
		F841F70A1F2FC90700002DBC /* Frameworks */ = {
			isa = PBXFrameworksBuildPhase;
			buildActionMask = 2147483647;
			files = (
			);
			runOnlyForDeploymentPostprocessing = 0;
		};
		F841F71E1F2FC90700002DBC /* Frameworks */ = {
			isa = PBXFrameworksBuildPhase;
			buildActionMask = 2147483647;
			files = (
			);
			runOnlyForDeploymentPostprocessing = 0;
		};
/* End PBXFrameworksBuildPhase section */

/* Begin PBXGroup section */
		F841F7041F2FC90700002DBC = {
			isa = PBXGroup;
			children = (
				F841F70F1F2FC90700002DBC /* Helloworld */,
				F841F7241F2FC90800002DBC /* HelloworldTests */,
				F841F70E1F2FC90700002DBC /* Products */,
			);
			sourceTree = "<group>";
		};
		F841F70E1F2FC90700002DBC /* Products */ = {
			isa = PBXGroup;
			children = (
				F841F70D1F2FC90700002DBC /* Helloworld.app */,
				F841F7211F2FC90800002DBC /* HelloworldTests.xctest */,
			);
			name = Products;
			sourceTree = "<group>";
		};
		F841F70F1F2FC90700002DBC /* Helloworld */ = {
			isa = PBXGroup;
			children = (
				F841F7101F2FC90700002DBC /* AppDelegate.swift */,
				F841F7121F2FC90700002DBC /* ViewController.swift */,
				F841F7141F2FC90700002DBC /* Main.storyboard */,
				F841F7171F2FC90700002DBC /* Assets.xcassets */,
				F841F7191F2FC90700002DBC /* LaunchScreen.storyboard */,
				F841F71C1F2FC90700002DBC /* Info.plist */,
			);
			path = Helloworld;
			sourceTree = "<group>";
		};
		F841F7241F2FC90800002DBC /* HelloworldTests */ = {
			isa = PBXGroup;
			children = (
				F841F7251F2FC90800002DBC /* HelloworldTests.swift */,
				F841F7271F2FC90800002DBC /* Info.plist */,
			);
			path = HelloworldTests;
			sourceTree = "<group>";
		};
/* End PBXGroup section */

/* Begin PBXNativeTarget section */
		F841F70C1F2FC90700002DBC /* Helloworld */ = {
			isa = PBXNativeTarget;
			buildConfigurationList = F841F72A1F2FC90800002DBC /* Build configuration list for PBXNativeTarget "Helloworld" */;
			buildPhases = (
				F841F7091F2FC90700002DBC /* Sources */,
				F841F70A1F2FC90700002DBC /* Frameworks */,
				F841F70B1F2FC90700002DBC /* Resources */,
			);
			buildRules = (
			);
			dependencies = (
			);
			name = Helloworld;
			productName = Helloworld;
			productReference = F841F70D1F2FC90700002DBC /* Helloworld.app */;
			productType = "com.apple.product-type.application";
		};
		F841F7201F2FC90700002DBC /* HelloworldTests */ = {
			isa = PBXNativeTarget;
			buildConfigurationList = F841F72D1F2FC90800002DBC /* Build configuration list for PBXNativeTarget "HelloworldTests" */;
			buildPhases = (
				F841F71D1F2FC90700002DBC /* Sources */,
				F841F71E1F2FC90700002DBC /* Frameworks */,
				F841F71F1F2FC90700002DBC /* Resources */,
			);
			buildRules = (
			);
			dependencies = (
				F841F7231F2FC90800002DBC /* PBXTargetDependency */,
			);
			name = HelloworldTests;
			productName = HelloworldTests;
			productReference = F841F7211F2FC90800002DBC /* HelloworldTests.xctest */;
			productType = "com.apple.product-type.bundle.unit-test";
		};
/* End PBXNativeTarget section */

/* Begin PBXProject section */
		F841F7051F2FC90700002DBC /* Project object */ = {
			isa = PBXProject;
			attributes = {
				LastSwiftUpdateCheck = 0830;
				LastUpgradeCheck = 0830;
				ORGANIZATIONNAME = "Thomas Hayes";
				TargetAttributes = {
					F841F70C1F2FC90700002DBC = {
						CreatedOnToolsVersion = 8.3.3;
						ProvisioningStyle = Automatic;
					};
					F841F7201F2FC90700002DBC = {
						CreatedOnToolsVersion = 8.3.3;
						ProvisioningStyle = Automatic;
						TestTargetID = F841F70C1F2FC90700002DBC;
					};
				};
			};
			buildConfigurationList = F841F7081F2FC90700002DBC /* Build configuration list for PBXProject "Helloworld" */;
			compatibilityVersion = "Xcode 3.2";
			developmentRegion = English;
			hasScannedForEncodings = 0;
			knownRegions = (
				en,
				Base,
			);
			mainGroup = F841F7041F2FC90700002DBC;
			productRefGroup = F841F70E1F2FC90700002DBC /* Products */;
			projectDirPath = "";
			projectRoot = "";
			targets = (
				F841F70C1F2FC90700002DBC /* Helloworld */,
				F841F7201F2FC90700002DBC /* HelloworldTests */,
			);
		};
/* End PBXProject section */

/* Begin PBXResourcesBuildPhase section */
		F841F70B1F2FC90700002DBC /* Resources */ = {
			isa = PBXResourcesBuildPhase;
			buildActionMask = 2147483647;
			files = (
				F841F71B1F2FC90700002DBC /* LaunchScreen.storyboard in Resources */,
				F841F7181F2FC90700002DBC /* Assets.xcassets in Resources */,
				F841F7161F2FC90700002DBC /* Main.storyboard in Resources */,
			);
			runOnlyForDeploymentPostprocessing = 0;
		};
		F841F71F1F2FC90700002DBC /* Resources */ = {
			isa = PBXResourcesBuildPhase;
			buildActionMask = 2147483647;
			files = (
			);
			runOnlyForDeploymentPostprocessing = 0;
		};
/* End PBXResourcesBuildPhase section */

/* Begin PBXSourcesBuildPhase section */
		F841F7091F2FC90700002DBC /* Sources */ = {
			isa = PBXSourcesBuildPhase;
			buildActionMask = 2147483647;
			files = (
				F841F7131F2FC90700002DBC /* ViewController.swift in Sources */,
				F841F7111F2FC90700002DBC /* AppDelegate.swift in Sources */,
			);
			runOnlyForDeploymentPostprocessing = 0;
		};
		F841F71D1F2FC90700002DBC /* Sources */ = {
			isa = PBXSourcesBuildPhase;
			buildActionMask = 2147483647;
			files = (
				F841F7261F2FC90800002DBC /* HelloworldTests.swift in Sources */,
			);
			runOnlyForDeploymentPostprocessing = 0;
		};
/* End PBXSourcesBuildPhase section */

/* Begin PBXTargetDependency section */
		F841F7231F2FC90800002DBC /* PBXTargetDependency */ = {
			isa = PBXTargetDependency;
			target = F841F70C1F2FC90700002DBC /* Helloworld */;
			targetProxy = F841F7221F2FC90800002DBC /* PBXContainerItemProxy */;
		};
/* End PBXTargetDependency section */

/* Begin PBXVariantGroup section */
		F841F7141F2FC90700002DBC /* Main.storyboard */ = {
			isa = PBXVariantGroup;
			children = (
				F841F7151F2FC90700002DBC /* Base */,
			);
			name = Main.storyboard;
			sourceTree = "<group>";
		};
		F841F7191F2FC90700002DBC /* LaunchScreen.storyboard */ = {
			isa = PBXVariantGroup;
			children = (
				F841F71A1F2FC90700002DBC /* Base */,
			);
			name = LaunchScreen.storyboard;
			sourceTree = "<group>";
		};
/* End PBXVariantGroup section */

/* Begin XCBuildConfiguration section */
		F841F7281F2FC90800002DBC /* Debug */ = {
			isa = XCBuildConfiguration;
			buildSettings = {
				ALWAYS_SEARCH_USER_PATHS = NO;
				CLANG_ANALYZER_NONNULL = YES;
				CLANG_ANALYZER_NUMBER_OBJECT_CONVERSION = YES_AGGRESSIVE;
				CLANG_CXX_LANGUAGE_STANDARD = "gnu++0x";
				CLANG_CXX_LIBRARY = "libc++";
				CLANG_ENABLE_MODULES = YES;
				CLANG_ENABLE_OBJC_ARC = YES;
				CLANG_WARN_BOOL_CONVERSION = YES;
				CLANG_WARN_CONSTANT_CONVERSION = YES;
				CLANG_WARN_DIRECT_OBJC_ISA_USAGE = YES_ERROR;
				CLANG_WARN_DOCUMENTATION_COMMENTS = YES;
				CLANG_WARN_EMPTY_BODY = YES;
				CLANG_WARN_ENUM_CONVERSION = YES;
				CLANG_WARN_INFINITE_RECURSION = YES;
				CLANG_WARN_INT_CONVERSION = YES;
				CLANG_WARN_OBJC_ROOT_CLASS = YES_ERROR;
				CLANG_WARN_SUSPICIOUS_MOVE = YES;
				CLANG_WARN_UNREACHABLE_CODE = YES;
				CLANG_WARN__DUPLICATE_METHOD_MATCH = YES;
				"CODE_SIGN_IDENTITY[sdk=iphoneos*]" = "iPhone Developer";
				COPY_PHASE_STRIP = NO;
				DEBUG_INFORMATION_FORMAT = dwarf;
				ENABLE_STRICT_OBJC_MSGSEND = YES;
				ENABLE_TESTABILITY = YES;
				GCC_C_LANGUAGE_STANDARD = gnu99;
				GCC_DYNAMIC_NO_PIC = NO;
				GCC_NO_COMMON_BLOCKS = YES;
				GCC_OPTIMIZATION_LEVEL = 0;
				GCC_PREPROCESSOR_DEFINITIONS = (
					"DEBUG=1",
					"$(inherited)",
				);
				GCC_WARN_64_TO_32_BIT_CONVERSION = YES;
				GCC_WARN_ABOUT_RETURN_TYPE = YES_ERROR;
				GCC_WARN_UNDECLARED_SELECTOR = YES;
				GCC_WARN_UNINITIALIZED_AUTOS = YES_AGGRESSIVE;
				GCC_WARN_UNUSED_FUNCTION = YES;
				GCC_WARN_UNUSED_VARIABLE = YES;
				IPHONEOS_DEPLOYMENT_TARGET = 10.3;
				MTL_ENABLE_DEBUG_INFO = YES;
				ONLY_ACTIVE_ARCH = YES;
				SDKROOT = iphoneos;
				SWIFT_ACTIVE_COMPILATION_CONDITIONS = DEBUG;
				SWIFT_OPTIMIZATION_LEVEL = "-Onone";
				TARGETED_DEVICE_FAMILY = "1,2";
			};
			name = Debug;
		};
		F841F7291F2FC90800002DBC /* Release */ = {
			isa = XCBuildConfiguration;
			buildSettings = {
				ALWAYS_SEARCH_USER_PATHS = NO;
				CLANG_ANALYZER_NONNULL = YES;
				CLANG_ANALYZER_NUMBER_OBJECT_CONVERSION = YES_AGGRESSIVE;
				CLANG_CXX_LANGUAGE_STANDARD = "gnu++0x";
				CLANG_CXX_LIBRARY = "libc++";
				CLANG_ENABLE_MODULES = YES;
				CLANG_ENABLE_OBJC_ARC = YES;
				CLANG_WARN_BOOL_CONVERSION = YES;
				CLANG_WARN_CONSTANT_CONVERSION = YES;
				CLANG_WARN_DIRECT_OBJC_ISA_USAGE = YES_ERROR;
				CLANG_WARN_DOCUMENTATION_COMMENTS = YES;
				CLANG_WARN_EMPTY_BODY = YES;
				CLANG_WARN_ENUM_CONVERSION = YES;
				CLANG_WARN_INFINITE_RECURSION = YES;
				CLANG_WARN_INT_CONVERSION = YES;
				CLANG_WARN_OBJC_ROOT_CLASS = YES_ERROR;
				CLANG_WARN_SUSPICIOUS_MOVE = YES;
				CLANG_WARN_UNREACHABLE_CODE = YES;
				CLANG_WARN__DUPLICATE_METHOD_MATCH = YES;
				"CODE_SIGN_IDENTITY[sdk=iphoneos*]" = "iPhone Developer";
				COPY_PHASE_STRIP = NO;
				DEBUG_INFORMATION_FORMAT = "dwarf-with-dsym";
				ENABLE_NS_ASSERTIONS = NO;
				ENABLE_STRICT_OBJC_MSGSEND = YES;
				GCC_C_LANGUAGE_STANDARD = gnu99;
				GCC_NO_COMMON_BLOCKS = YES;
				GCC_WARN_64_TO_32_BIT_CONVERSION = YES;
				GCC_WARN_ABOUT_RETURN_TYPE = YES_ERROR;
				GCC_WARN_UNDECLARED_SELECTOR = YES;
				GCC_WARN_UNINITIALIZED_AUTOS = YES_AGGRESSIVE;
				GCC_WARN_UNUSED_FUNCTION = YES;
				GCC_WARN_UNUSED_VARIABLE = YES;
				IPHONEOS_DEPLOYMENT_TARGET = 10.3;
				MTL_ENABLE_DEBUG_INFO = NO;
				SDKROOT = iphoneos;
				SWIFT_OPTIMIZATION_LEVEL = "-Owholemodule";
				TARGETED_DEVICE_FAMILY = "1,2";
				VALIDATE_PRODUCT = YES;
			};
			name = Release;
		};
		F841F72B1F2FC90800002DBC /* Debug */ = {
			isa = XCBuildConfiguration;
			buildSettings = {
				ASSETCATALOG_COMPILER_APPICON_NAME = AppIcon;
				INFOPLIST_FILE = Helloworld/Info.plist;
				LD_RUNPATH_SEARCH_PATHS = "$(inherited) @executable_path/Frameworks";
				PRODUCT_BUNDLE_IDENTIFIER = thomasehayes.com.Helloworld;
				PRODUCT_NAME = "$(TARGET_NAME)";
				SWIFT_VERSION = 3.0;
			};
			name = Debug;
		};
		F841F72C1F2FC90800002DBC /* Release */ = {
			isa = XCBuildConfiguration;
			buildSettings = {
				ASSETCATALOG_COMPILER_APPICON_NAME = AppIcon;
				INFOPLIST_FILE = Helloworld/Info.plist;
				LD_RUNPATH_SEARCH_PATHS = "$(inherited) @executable_path/Frameworks";
				PRODUCT_BUNDLE_IDENTIFIER = thomasehayes.com.Helloworld;
				PRODUCT_NAME = "$(TARGET_NAME)";
				SWIFT_VERSION = 3.0;
			};
			name = Release;
		};
		F841F72E1F2FC90800002DBC /* Debug */ = {
			isa = XCBuildConfiguration;
			buildSettings = {
				ALWAYS_EMBED_SWIFT_STANDARD_LIBRARIES = YES;
				BUNDLE_LOADER = "$(TEST_HOST)";
				INFOPLIST_FILE = HelloworldTests/Info.plist;
				LD_RUNPATH_SEARCH_PATHS = "$(inherited) @executable_path/Frameworks @loader_path/Frameworks";
				PRODUCT_BUNDLE_IDENTIFIER = thomasehayes.com.HelloworldTests;
				PRODUCT_NAME = "$(TARGET_NAME)";
				SWIFT_VERSION = 3.0;
				TEST_HOST = "$(BUILT_PRODUCTS_DIR)/Helloworld.app/Helloworld";
			};
			name = Debug;
		};
		F841F72F1F2FC90800002DBC /* Release */ = {
			isa = XCBuildConfiguration;
			buildSettings = {
				ALWAYS_EMBED_SWIFT_STANDARD_LIBRARIES = YES;
				BUNDLE_LOADER = "$(TEST_HOST)";
				INFOPLIST_FILE = HelloworldTests/Info.plist;
				LD_RUNPATH_SEARCH_PATHS = "$(inherited) @executable_path/Frameworks @loader_path/Frameworks";
				PRODUCT_BUNDLE_IDENTIFIER = thomasehayes.com.HelloworldTests;
				PRODUCT_NAME = "$(TARGET_NAME)";
				SWIFT_VERSION = 3.0;
				TEST_HOST = "$(BUILT_PRODUCTS_DIR)/Helloworld.app/Helloworld";
			};
			name = Release;
		};
/* End XCBuildConfiguration section */

/* Begin XCConfigurationList section */
		F841F7081F2FC90700002DBC /* Build configuration list for PBXProject "Helloworld" */ = {
			isa = XCConfigurationList;
			buildConfigurations = (
				F841F7281F2FC90800002DBC /* Debug */,
				F841F7291F2FC90800002DBC /* Release */,
			);
			defaultConfigurationIsVisible = 0;
			defaultConfigurationName = Release;
		};
		F841F72A1F2FC90800002DBC /* Build configuration list for PBXNativeTarget "Helloworld" */ = {
			isa = XCConfigurationList;
			buildConfigurations = (
				F841F72B1F2FC90800002DBC /* Debug */,
				F841F72C1F2FC90800002DBC /* Release */,
			);
			defaultConfigurationIsVisible = 0;
		};
		F841F72D1F2FC90800002DBC /* Build configuration list for PBXNativeTarget "HelloworldTests" */ = {
			isa = XCConfigurationList;
			buildConfigurations = (
				F841F72E1F2FC90800002DBC /* Debug */,
				F841F72F1F2FC90800002DBC /* Release */,
			);
			defaultConfigurationIsVisible = 0;
		};
/* End XCConfigurationList section */
	};
	rootObject = F841F7051F2FC90700002DBC /* Project object */;
}
